
Microsoft Visual Studio Solution File, Format Version 12.00
# Visual Studio Version 16
VisualStudioVersion = 16.0.33801.447
MinimumVisualStudioVersion = 10.0.40219.1
Project("{FAE04EC0-301F-11D3-BF4B-00C04F79EFBC}") = "AccountReport", "AccountReport\AccountReport.csproj", "{1281179D-FD36-47A5-8311-B614CCAEEFEF}"
EndProject
Global
	GlobalSection(SolutionConfigurationPlatforms) = preSolution
		Debug|Any CPU = Debug|Any CPU
		Release|Any CPU = Release|Any CPU
	EndGlobalSection
	GlobalSection(ProjectConfigurationPlatforms) = postSolution
		{1281179D-FD36-47A5-8311-B614CCAEEFEF}.Debug|Any CPU.ActiveCfg = Debug|Any CPU
		{1281179D-FD36-47A5-8311-B614CCAEEFEF}.Debug|Any CPU.Build.0 = Debug|Any CPU
		{1281179D-FD36-47A5-8311-B614CCAEEFEF}.Release|Any CPU.ActiveCfg = Release|Any CPU
		{1281179D-FD36-47A5-8311-B614CCAEEFEF}.Release|Any CPU.Build.0 = Release|Any CPU
	EndGlobalSection
	GlobalSection(SolutionProperties) = preSolution
		HideSolutionNode = FALSE
	EndGlobalSection
	GlobalSection(ExtensibilityGlobals) = postSolution
		SolutionGuid = {E6B7CAEC-0C75-40C7-AA09-445BE078887B}
	EndGlobalSection
EndGlobal
